// !$*UTF8*$!
{
	archiveVersion = 1;
	classes = {
	};
	objectVersion = 56;
	objects = {

/* Begin PBXBuildFile section */
		541CA57C2A29722100E22AB8 /* LocationsViewController.swift in Sources */ = {isa = PBXBuildFile; fileRef = 541CA57B2A29722100E22AB8 /* LocationsViewController.swift */; };
		541CA57E2A29743B00E22AB8 /* SearchViewController.swift in Sources */ = {isa = PBXBuildFile; fileRef = 541CA57D2A29743B00E22AB8 /* SearchViewController.swift */; };
		541CA5802A3011C400E22AB8 /* CoreDataManager.swift in Sources */ = {isa = PBXBuildFile; fileRef = 541CA57F2A3011C400E22AB8 /* CoreDataManager.swift */; };
		541CA5842A301A7300E22AB8 /* ConditionsViewController.swift in Sources */ = {isa = PBXBuildFile; fileRef = 541CA5832A301A7300E22AB8 /* ConditionsViewController.swift */; };
		54216C1C2A60C7CA00EE1B09 /* appstore.png in Resources */ = {isa = PBXBuildFile; fileRef = 54216C1A2A60C7CA00EE1B09 /* appstore.png */; };
		54216C1E2A60CADF00EE1B09 /* Assets.xcassets in Resources */ = {isa = PBXBuildFile; fileRef = 54216C1D2A60CADF00EE1B09 /* Assets.xcassets */; };
		54288C772A4C55AF0078130E /* WeatherManager.swift in Sources */ = {isa = PBXBuildFile; fileRef = 54288C762A4C55AF0078130E /* WeatherManager.swift */; };
		54288C7B2A4E60650078130E /* WeatherModel.swift in Sources */ = {isa = PBXBuildFile; fileRef = 54288C7A2A4E60650078130E /* WeatherModel.swift */; };
		54288C7D2A4E60790078130E /* WeatherData.swift in Sources */ = {isa = PBXBuildFile; fileRef = 54288C7C2A4E60790078130E /* WeatherData.swift */; };
		5483CF5C2B248E9500E634B6 /* Pods_DryTrails.framework in Frameworks */ = {isa = PBXBuildFile; fileRef = 083D72E60DB32C9BD9E38225 /* Pods_DryTrails.framework */; };
		5483CF5D2B248E9500E634B6 /* Pods_DryTrails.framework in Embed Frameworks */ = {isa = PBXBuildFile; fileRef = 083D72E60DB32C9BD9E38225 /* Pods_DryTrails.framework */; settings = {ATTRIBUTES = (CodeSignOnCopy, RemoveHeadersOnCopy, ); }; };
		54936B872A2037D7009154DF /* AppDelegate.swift in Sources */ = {isa = PBXBuildFile; fileRef = 54936B862A2037D7009154DF /* AppDelegate.swift */; };
		54936B892A2037D7009154DF /* SceneDelegate.swift in Sources */ = {isa = PBXBuildFile; fileRef = 54936B882A2037D7009154DF /* SceneDelegate.swift */; };
		54936B8E2A2037D7009154DF /* Main.storyboard in Resources */ = {isa = PBXBuildFile; fileRef = 54936B8C2A2037D7009154DF /* Main.storyboard */; };
		54936B912A2037D7009154DF /* DryTrails.xcdatamodeld in Sources */ = {isa = PBXBuildFile; fileRef = 54936B8F2A2037D7009154DF /* DryTrails.xcdatamodeld */; };
		54936B962A2037D7009154DF /* LaunchScreen.storyboard in Resources */ = {isa = PBXBuildFile; fileRef = 54936B942A2037D7009154DF /* LaunchScreen.storyboard */; };
/* End PBXBuildFile section */

/* Begin PBXCopyFilesBuildPhase section */
		5483CF5E2B248E9500E634B6 /* Embed Frameworks */ = {
			isa = PBXCopyFilesBuildPhase;
			buildActionMask = 2147483647;
			dstPath = "";
			dstSubfolderSpec = 10;
			files = (
				5483CF5D2B248E9500E634B6 /* Pods_DryTrails.framework in Embed Frameworks */,
			);
			name = "Embed Frameworks";
			runOnlyForDeploymentPostprocessing = 0;
		};
/* End PBXCopyFilesBuildPhase section */

/* Begin PBXFileReference section */
		083D72E60DB32C9BD9E38225 /* Pods_DryTrails.framework */ = {isa = PBXFileReference; explicitFileType = wrapper.framework; includeInIndex = 0; path = Pods_DryTrails.framework; sourceTree = BUILT_PRODUCTS_DIR; };
		45BED4D9030F00A9D86588CE /* Pods-DryTrails.release.xcconfig */ = {isa = PBXFileReference; includeInIndex = 1; lastKnownFileType = text.xcconfig; name = "Pods-DryTrails.release.xcconfig"; path = "Target Support Files/Pods-DryTrails/Pods-DryTrails.release.xcconfig"; sourceTree = "<group>"; };
		541CA57B2A29722100E22AB8 /* LocationsViewController.swift */ = {isa = PBXFileReference; fileEncoding = 4; lastKnownFileType = sourcecode.swift; path = LocationsViewController.swift; sourceTree = "<group>"; };
		541CA57D2A29743B00E22AB8 /* SearchViewController.swift */ = {isa = PBXFileReference; lastKnownFileType = sourcecode.swift; path = SearchViewController.swift; sourceTree = "<group>"; };
		541CA57F2A3011C400E22AB8 /* CoreDataManager.swift */ = {isa = PBXFileReference; lastKnownFileType = sourcecode.swift; path = CoreDataManager.swift; sourceTree = "<group>"; };
		541CA5832A301A7300E22AB8 /* ConditionsViewController.swift */ = {isa = PBXFileReference; lastKnownFileType = sourcecode.swift; path = ConditionsViewController.swift; sourceTree = "<group>"; };
		541CA5852A32AE7700E22AB8 /* DryTrails.entitlements */ = {isa = PBXFileReference; lastKnownFileType = text.plist.entitlements; path = DryTrails.entitlements; sourceTree = "<group>"; };
		54216C1A2A60C7CA00EE1B09 /* appstore.png */ = {isa = PBXFileReference; lastKnownFileType = image.png; path = appstore.png; sourceTree = "<group>"; };
		54216C1D2A60CADF00EE1B09 /* Assets.xcassets */ = {isa = PBXFileReference; lastKnownFileType = folder.assetcatalog; path = Assets.xcassets; sourceTree = "<group>"; };
		54288C762A4C55AF0078130E /* WeatherManager.swift */ = {isa = PBXFileReference; lastKnownFileType = sourcecode.swift; path = WeatherManager.swift; sourceTree = "<group>"; };
		54288C7A2A4E60650078130E /* WeatherModel.swift */ = {isa = PBXFileReference; lastKnownFileType = sourcecode.swift; path = WeatherModel.swift; sourceTree = "<group>"; };
		54288C7C2A4E60790078130E /* WeatherData.swift */ = {isa = PBXFileReference; lastKnownFileType = sourcecode.swift; path = WeatherData.swift; sourceTree = "<group>"; };
		54936B832A2037D7009154DF /* DryTrails.app */ = {isa = PBXFileReference; explicitFileType = wrapper.application; includeInIndex = 0; path = DryTrails.app; sourceTree = BUILT_PRODUCTS_DIR; };
		54936B862A2037D7009154DF /* AppDelegate.swift */ = {isa = PBXFileReference; lastKnownFileType = sourcecode.swift; path = AppDelegate.swift; sourceTree = "<group>"; };
		54936B882A2037D7009154DF /* SceneDelegate.swift */ = {isa = PBXFileReference; lastKnownFileType = sourcecode.swift; path = SceneDelegate.swift; sourceTree = "<group>"; };
		54936B8D2A2037D7009154DF /* Base */ = {isa = PBXFileReference; lastKnownFileType = file.storyboard; name = Base; path = Base.lproj/Main.storyboard; sourceTree = "<group>"; };
		54936B902A2037D7009154DF /* DryTrails.xcdatamodel */ = {isa = PBXFileReference; lastKnownFileType = wrapper.xcdatamodel; path = DryTrails.xcdatamodel; sourceTree = "<group>"; };
		54936B952A2037D7009154DF /* Base */ = {isa = PBXFileReference; lastKnownFileType = file.storyboard; name = Base; path = Base.lproj/LaunchScreen.storyboard; sourceTree = "<group>"; };
		54936B972A2037D7009154DF /* Info.plist */ = {isa = PBXFileReference; lastKnownFileType = text.plist.xml; path = Info.plist; sourceTree = "<group>"; };
		5544E6D73DAFEB0EE9E8D4F9 /* Pods-DryTrails.debug.xcconfig */ = {isa = PBXFileReference; includeInIndex = 1; lastKnownFileType = text.xcconfig; name = "Pods-DryTrails.debug.xcconfig"; path = "Target Support Files/Pods-DryTrails/Pods-DryTrails.debug.xcconfig"; sourceTree = "<group>"; };
/* End PBXFileReference section */

/* Begin PBXFrameworksBuildPhase section */
		54936B802A2037D7009154DF /* Frameworks */ = {
			isa = PBXFrameworksBuildPhase;
			buildActionMask = 2147483647;
			files = (
				5483CF5C2B248E9500E634B6 /* Pods_DryTrails.framework in Frameworks */,
			);
			runOnlyForDeploymentPostprocessing = 0;
		};
/* End PBXFrameworksBuildPhase section */

/* Begin PBXGroup section */
		54936B7A2A2037D7009154DF = {
			isa = PBXGroup;
			children = (
				54936B852A2037D7009154DF /* DryTrails */,
				54936B842A2037D7009154DF /* Products */,
				D989A1E40D0E6A8B5928F416 /* Pods */,
				C4AF2F8AF52752921A22029F /* Frameworks */,
			);
			sourceTree = "<group>";
		};
		54936B842A2037D7009154DF /* Products */ = {
			isa = PBXGroup;
			children = (
				54936B832A2037D7009154DF /* DryTrails.app */,
			);
			name = Products;
			sourceTree = "<group>";
		};
		54936B852A2037D7009154DF /* DryTrails */ = {
			isa = PBXGroup;
			children = (
				541CA5852A32AE7700E22AB8 /* DryTrails.entitlements */,
				54936B9F2A2038F1009154DF /* Model */,
				54936B9E2A2038CB009154DF /* Views */,
				54936B9D2A2038B9009154DF /* Controllers */,
				54936BA02A203941009154DF /* Supporting Files */,
				54936B972A2037D7009154DF /* Info.plist */,
			);
			path = DryTrails;
			sourceTree = "<group>";
		};
		54936B9D2A2038B9009154DF /* Controllers */ = {
			isa = PBXGroup;
			children = (
				541CA57B2A29722100E22AB8 /* LocationsViewController.swift */,
				541CA57D2A29743B00E22AB8 /* SearchViewController.swift */,
				541CA5832A301A7300E22AB8 /* ConditionsViewController.swift */,
			);
			path = Controllers;
			sourceTree = "<group>";
		};
		54936B9E2A2038CB009154DF /* Views */ = {
			isa = PBXGroup;
			children = (
				54936B8C2A2037D7009154DF /* Main.storyboard */,
			);
			path = Views;
			sourceTree = "<group>";
		};
		54936B9F2A2038F1009154DF /* Model */ = {
			isa = PBXGroup;
			children = (
				54936B8F2A2037D7009154DF /* DryTrails.xcdatamodeld */,
				541CA57F2A3011C400E22AB8 /* CoreDataManager.swift */,
				54288C762A4C55AF0078130E /* WeatherManager.swift */,
				54288C7C2A4E60790078130E /* WeatherData.swift */,
				54288C7A2A4E60650078130E /* WeatherModel.swift */,
			);
			path = Model;
			sourceTree = "<group>";
		};
		54936BA02A203941009154DF /* Supporting Files */ = {
			isa = PBXGroup;
			children = (
				54936B882A2037D7009154DF /* SceneDelegate.swift */,
				54936B862A2037D7009154DF /* AppDelegate.swift */,
				54216C1A2A60C7CA00EE1B09 /* appstore.png */,
				54216C1D2A60CADF00EE1B09 /* Assets.xcassets */,
				54936B942A2037D7009154DF /* LaunchScreen.storyboard */,
			);
			path = "Supporting Files";
			sourceTree = "<group>";
		};
		C4AF2F8AF52752921A22029F /* Frameworks */ = {
			isa = PBXGroup;
			children = (
				083D72E60DB32C9BD9E38225 /* Pods_DryTrails.framework */,
			);
			name = Frameworks;
			sourceTree = "<group>";
		};
		D989A1E40D0E6A8B5928F416 /* Pods */ = {
			isa = PBXGroup;
			children = (
				5544E6D73DAFEB0EE9E8D4F9 /* Pods-DryTrails.debug.xcconfig */,
				45BED4D9030F00A9D86588CE /* Pods-DryTrails.release.xcconfig */,
			);
			path = Pods;
			sourceTree = "<group>";
		};
/* End PBXGroup section */

/* Begin PBXNativeTarget section */
		54936B822A2037D7009154DF /* DryTrails */ = {
			isa = PBXNativeTarget;
			buildConfigurationList = 54936B9A2A2037D7009154DF /* Build configuration list for PBXNativeTarget "DryTrails" */;
			buildPhases = (
				A5A6699345528252894D4ADB /* [CP] Check Pods Manifest.lock */,
				54936B7F2A2037D7009154DF /* Sources */,
				54936B802A2037D7009154DF /* Frameworks */,
				54936B812A2037D7009154DF /* Resources */,
				D45EA4EFEFD7CD78EED61B4D /* [CP] Embed Pods Frameworks */,
				5483CF5E2B248E9500E634B6 /* Embed Frameworks */,
			);
			buildRules = (
			);
			dependencies = (
			);
			name = DryTrails;
			productName = DryTrails;
			productReference = 54936B832A2037D7009154DF /* DryTrails.app */;
			productType = "com.apple.product-type.application";
		};
/* End PBXNativeTarget section */

/* Begin PBXProject section */
		54936B7B2A2037D7009154DF /* Project object */ = {
			isa = PBXProject;
			attributes = {
				BuildIndependentTargetsInParallel = 1;
				LastSwiftUpdateCheck = 1430;
				LastUpgradeCheck = 1500;
				TargetAttributes = {
					54936B822A2037D7009154DF = {
						CreatedOnToolsVersion = 14.3;
					};
				};
			};
			buildConfigurationList = 54936B7E2A2037D7009154DF /* Build configuration list for PBXProject "DryTrails" */;
			compatibilityVersion = "Xcode 14.0";
			developmentRegion = en;
			hasScannedForEncodings = 0;
			knownRegions = (
				en,
				Base,
			);
			mainGroup = 54936B7A2A2037D7009154DF;
			productRefGroup = 54936B842A2037D7009154DF /* Products */;
			projectDirPath = "";
			projectRoot = "";
			targets = (
				54936B822A2037D7009154DF /* DryTrails */,
			);
		};
/* End PBXProject section */

/* Begin PBXResourcesBuildPhase section */
		54936B812A2037D7009154DF /* Resources */ = {
			isa = PBXResourcesBuildPhase;
			buildActionMask = 2147483647;
			files = (
				54936B962A2037D7009154DF /* LaunchScreen.storyboard in Resources */,
				54216C1C2A60C7CA00EE1B09 /* appstore.png in Resources */,
				54936B8E2A2037D7009154DF /* Main.storyboard in Resources */,
				54216C1E2A60CADF00EE1B09 /* Assets.xcassets in Resources */,
			);
			runOnlyForDeploymentPostprocessing = 0;
		};
/* End PBXResourcesBuildPhase section */

/* Begin PBXShellScriptBuildPhase section */
		A5A6699345528252894D4ADB /* [CP] Check Pods Manifest.lock */ = {
			isa = PBXShellScriptBuildPhase;
			buildActionMask = 2147483647;
			files = (
			);
			inputFileListPaths = (
			);
			inputPaths = (
				"${PODS_PODFILE_DIR_PATH}/Podfile.lock",
				"${PODS_ROOT}/Manifest.lock",
			);
			name = "[CP] Check Pods Manifest.lock";
			outputFileListPaths = (
			);
			outputPaths = (
				"$(DERIVED_FILE_DIR)/Pods-DryTrails-checkManifestLockResult.txt",
			);
			runOnlyForDeploymentPostprocessing = 0;
			shellPath = /bin/sh;
			shellScript = "diff \"${PODS_PODFILE_DIR_PATH}/Podfile.lock\" \"${PODS_ROOT}/Manifest.lock\" > /dev/null\nif [ $? != 0 ] ; then\n    # print error to STDERR\n    echo \"error: The sandbox is not in sync with the Podfile.lock. Run 'pod install' or update your CocoaPods installation.\" >&2\n    exit 1\nfi\n# This output is used by Xcode 'outputs' to avoid re-running this script phase.\necho \"SUCCESS\" > \"${SCRIPT_OUTPUT_FILE_0}\"\n";
			showEnvVarsInLog = 0;
		};
		D45EA4EFEFD7CD78EED61B4D /* [CP] Embed Pods Frameworks */ = {
			isa = PBXShellScriptBuildPhase;
			buildActionMask = 2147483647;
			files = (
			);
			inputFileListPaths = (
				"${PODS_ROOT}/Target Support Files/Pods-DryTrails/Pods-DryTrails-frameworks-${CONFIGURATION}-input-files.xcfilelist",
			);
			name = "[CP] Embed Pods Frameworks";
			outputFileListPaths = (
				"${PODS_ROOT}/Target Support Files/Pods-DryTrails/Pods-DryTrails-frameworks-${CONFIGURATION}-output-files.xcfilelist",
			);
			runOnlyForDeploymentPostprocessing = 0;
			shellPath = /bin/sh;
			shellScript = "\"${PODS_ROOT}/Target Support Files/Pods-DryTrails/Pods-DryTrails-frameworks.sh\"\n";
			showEnvVarsInLog = 0;
		};
/* End PBXShellScriptBuildPhase section */

/* Begin PBXSourcesBuildPhase section */
		54936B7F2A2037D7009154DF /* Sources */ = {
			isa = PBXSourcesBuildPhase;
			buildActionMask = 2147483647;
			files = (
				541CA5802A3011C400E22AB8 /* CoreDataManager.swift in Sources */,
				541CA57E2A29743B00E22AB8 /* SearchViewController.swift in Sources */,
				541CA5842A301A7300E22AB8 /* ConditionsViewController.swift in Sources */,
				541CA57C2A29722100E22AB8 /* LocationsViewController.swift in Sources */,
				54936B912A2037D7009154DF /* DryTrails.xcdatamodeld in Sources */,
				54288C772A4C55AF0078130E /* WeatherManager.swift in Sources */,
				54936B872A2037D7009154DF /* AppDelegate.swift in Sources */,
				54936B892A2037D7009154DF /* SceneDelegate.swift in Sources */,
				54288C7D2A4E60790078130E /* WeatherData.swift in Sources */,
				54288C7B2A4E60650078130E /* WeatherModel.swift in Sources */,
			);
			runOnlyForDeploymentPostprocessing = 0;
		};
/* End PBXSourcesBuildPhase section */

/* Begin PBXVariantGroup section */
		54936B8C2A2037D7009154DF /* Main.storyboard */ = {
			isa = PBXVariantGroup;
			children = (
				54936B8D2A2037D7009154DF /* Base */,
			);
			name = Main.storyboard;
			sourceTree = "<group>";
		};
		54936B942A2037D7009154DF /* LaunchScreen.storyboard */ = {
			isa = PBXVariantGroup;
			children = (
				54936B952A2037D7009154DF /* Base */,
			);
			name = LaunchScreen.storyboard;
			sourceTree = "<group>";
		};
/* End PBXVariantGroup section */

/* Begin XCBuildConfiguration section */
		54936B982A2037D7009154DF /* Debug */ = {
			isa = XCBuildConfiguration;
			buildSettings = {
				ALWAYS_SEARCH_USER_PATHS = NO;
				CLANG_ANALYZER_NONNULL = YES;
				CLANG_ANALYZER_NUMBER_OBJECT_CONVERSION = YES_AGGRESSIVE;
				CLANG_CXX_LANGUAGE_STANDARD = "gnu++20";
				CLANG_ENABLE_MODULES = YES;
				CLANG_ENABLE_OBJC_ARC = YES;
				CLANG_ENABLE_OBJC_WEAK = YES;
				CLANG_WARN_BLOCK_CAPTURE_AUTORELEASING = YES;
				CLANG_WARN_BOOL_CONVERSION = YES;
				CLANG_WARN_COMMA = YES;
				CLANG_WARN_CONSTANT_CONVERSION = YES;
				CLANG_WARN_DEPRECATED_OBJC_IMPLEMENTATIONS = YES;
				CLANG_WARN_DIRECT_OBJC_ISA_USAGE = YES_ERROR;
				CLANG_WARN_DOCUMENTATION_COMMENTS = YES;
				CLANG_WARN_EMPTY_BODY = YES;
				CLANG_WARN_ENUM_CONVERSION = YES;
				CLANG_WARN_INFINITE_RECURSION = YES;
				CLANG_WARN_INT_CONVERSION = YES;
				CLANG_WARN_NON_LITERAL_NULL_CONVERSION = YES;
				CLANG_WARN_OBJC_IMPLICIT_RETAIN_SELF = YES;
				CLANG_WARN_OBJC_LITERAL_CONVERSION = YES;
				CLANG_WARN_OBJC_ROOT_CLASS = YES_ERROR;
				CLANG_WARN_QUOTED_INCLUDE_IN_FRAMEWORK_HEADER = YES;
				CLANG_WARN_RANGE_LOOP_ANALYSIS = YES;
				CLANG_WARN_STRICT_PROTOTYPES = YES;
				CLANG_WARN_SUSPICIOUS_MOVE = YES;
				CLANG_WARN_UNGUARDED_AVAILABILITY = YES_AGGRESSIVE;
				CLANG_WARN_UNREACHABLE_CODE = YES;
				CLANG_WARN__DUPLICATE_METHOD_MATCH = YES;
				COPY_PHASE_STRIP = NO;
				DEBUG_INFORMATION_FORMAT = dwarf;
				ENABLE_STRICT_OBJC_MSGSEND = YES;
				ENABLE_TESTABILITY = YES;
				ENABLE_USER_SCRIPT_SANDBOXING = YES;
				GCC_C_LANGUAGE_STANDARD = gnu11;
				GCC_DYNAMIC_NO_PIC = NO;
				GCC_NO_COMMON_BLOCKS = YES;
				GCC_OPTIMIZATION_LEVEL = 0;
				GCC_PREPROCESSOR_DEFINITIONS = (
					"DEBUG=1",
					"$(inherited)",
				);
				GCC_WARN_64_TO_32_BIT_CONVERSION = YES;
				GCC_WARN_ABOUT_RETURN_TYPE = YES_ERROR;
				GCC_WARN_UNDECLARED_SELECTOR = YES;
				GCC_WARN_UNINITIALIZED_AUTOS = YES_AGGRESSIVE;
				GCC_WARN_UNUSED_FUNCTION = YES;
				GCC_WARN_UNUSED_VARIABLE = YES;
				IPHONEOS_DEPLOYMENT_TARGET = 16.4;
				MTL_ENABLE_DEBUG_INFO = INCLUDE_SOURCE;
				MTL_FAST_MATH = YES;
				ONLY_ACTIVE_ARCH = YES;
				SDKROOT = iphoneos;
				SWIFT_ACTIVE_COMPILATION_CONDITIONS = DEBUG;
				SWIFT_OPTIMIZATION_LEVEL = "-Onone";
			};
			name = Debug;
		};
		54936B992A2037D7009154DF /* Release */ = {
			isa = XCBuildConfiguration;
			buildSettings = {
				ALWAYS_SEARCH_USER_PATHS = NO;
				CLANG_ANALYZER_NONNULL = YES;
				CLANG_ANALYZER_NUMBER_OBJECT_CONVERSION = YES_AGGRESSIVE;
				CLANG_CXX_LANGUAGE_STANDARD = "gnu++20";
				CLANG_ENABLE_MODULES = YES;
				CLANG_ENABLE_OBJC_ARC = YES;
				CLANG_ENABLE_OBJC_WEAK = YES;
				CLANG_WARN_BLOCK_CAPTURE_AUTORELEASING = YES;
				CLANG_WARN_BOOL_CONVERSION = YES;
				CLANG_WARN_COMMA = YES;
				CLANG_WARN_CONSTANT_CONVERSION = YES;
				CLANG_WARN_DEPRECATED_OBJC_IMPLEMENTATIONS = YES;
				CLANG_WARN_DIRECT_OBJC_ISA_USAGE = YES_ERROR;
				CLANG_WARN_DOCUMENTATION_COMMENTS = YES;
				CLANG_WARN_EMPTY_BODY = YES;
				CLANG_WARN_ENUM_CONVERSION = YES;
				CLANG_WARN_INFINITE_RECURSION = YES;
				CLANG_WARN_INT_CONVERSION = YES;
				CLANG_WARN_NON_LITERAL_NULL_CONVERSION = YES;
				CLANG_WARN_OBJC_IMPLICIT_RETAIN_SELF = YES;
				CLANG_WARN_OBJC_LITERAL_CONVERSION = YES;
				CLANG_WARN_OBJC_ROOT_CLASS = YES_ERROR;
				CLANG_WARN_QUOTED_INCLUDE_IN_FRAMEWORK_HEADER = YES;
				CLANG_WARN_RANGE_LOOP_ANALYSIS = YES;
				CLANG_WARN_STRICT_PROTOTYPES = YES;
				CLANG_WARN_SUSPICIOUS_MOVE = YES;
				CLANG_WARN_UNGUARDED_AVAILABILITY = YES_AGGRESSIVE;
				CLANG_WARN_UNREACHABLE_CODE = YES;
				CLANG_WARN__DUPLICATE_METHOD_MATCH = YES;
				COPY_PHASE_STRIP = NO;
				DEBUG_INFORMATION_FORMAT = "dwarf-with-dsym";
				ENABLE_NS_ASSERTIONS = NO;
				ENABLE_STRICT_OBJC_MSGSEND = YES;
				ENABLE_USER_SCRIPT_SANDBOXING = YES;
				GCC_C_LANGUAGE_STANDARD = gnu11;
				GCC_NO_COMMON_BLOCKS = YES;
				GCC_WARN_64_TO_32_BIT_CONVERSION = YES;
				GCC_WARN_ABOUT_RETURN_TYPE = YES_ERROR;
				GCC_WARN_UNDECLARED_SELECTOR = YES;
				GCC_WARN_UNINITIALIZED_AUTOS = YES_AGGRESSIVE;
				GCC_WARN_UNUSED_FUNCTION = YES;
				GCC_WARN_UNUSED_VARIABLE = YES;
				IPHONEOS_DEPLOYMENT_TARGET = 16.4;
				MTL_ENABLE_DEBUG_INFO = NO;
				MTL_FAST_MATH = YES;
				SDKROOT = iphoneos;
				SWIFT_COMPILATION_MODE = wholemodule;
				SWIFT_OPTIMIZATION_LEVEL = "-O";
				VALIDATE_PRODUCT = YES;
			};
			name = Release;
		};
		54936B9B2A2037D7009154DF /* Debug */ = {
			isa = XCBuildConfiguration;
			baseConfigurationReference = 5544E6D73DAFEB0EE9E8D4F9 /* Pods-DryTrails.debug.xcconfig */;
			buildSettings = {
				ASSETCATALOG_COMPILER_APPICON_NAME = AppIcon;
				ASSETCATALOG_COMPILER_GLOBAL_ACCENT_COLOR_NAME = AccentColor;
				CODE_SIGN_ENTITLEMENTS = DryTrails/DryTrails.entitlements;
				CODE_SIGN_STYLE = Automatic;
				CURRENT_PROJECT_VERSION = 1.1;
				DEVELOPMENT_TEAM = H9MJ7YJ3M9;
				ENABLE_USER_SCRIPT_SANDBOXING = NO;
				GENERATE_INFOPLIST_FILE = YES;
				INFOPLIST_FILE = DryTrails/Info.plist;
				INFOPLIST_KEY_CFBundleDisplayName = DryTrails;
				INFOPLIST_KEY_LSApplicationCategoryType = "public.app-category.weather";
				INFOPLIST_KEY_NSLocationWhenInUseUsageDescription = "Your location is used to provide weather data at the current location including current soil moisture";
				INFOPLIST_KEY_UIApplicationSupportsIndirectInputEvents = YES;
				INFOPLIST_KEY_UILaunchStoryboardName = LaunchScreen;
				INFOPLIST_KEY_UIMainStoryboardFile = Main;
				INFOPLIST_KEY_UIRequiresFullScreen = YES;
				INFOPLIST_KEY_UISupportedInterfaceOrientations = UIInterfaceOrientationPortrait;
				IPHONEOS_DEPLOYMENT_TARGET = 16.4;
				LD_RUNPATH_SEARCH_PATHS = (
					"$(inherited)",
					"@executable_path/Frameworks",
				);
				MARKETING_VERSION = 1.1;
				NEW_SETTING2 = "";
				PRODUCT_BUNDLE_IDENTIFIER = com.mikewhaley.DryTrails;
				PRODUCT_NAME = "$(TARGET_NAME)";
				SUPPORTED_PLATFORMS = "iphoneos iphonesimulator";
				SUPPORTS_MACCATALYST = NO;
				SUPPORTS_MAC_DESIGNED_FOR_IPHONE_IPAD = NO;
				SWIFT_EMIT_LOC_STRINGS = YES;
				SWIFT_VERSION = 5.0;
				TARGETED_DEVICE_FAMILY = "1,2";
			};
			name = Debug;
		};
		54936B9C2A2037D7009154DF /* Release */ = {
			isa = XCBuildConfiguration;
			baseConfigurationReference = 45BED4D9030F00A9D86588CE /* Pods-DryTrails.release.xcconfig */;
			buildSettings = {
				ASSETCATALOG_COMPILER_APPICON_NAME = AppIcon;
				ASSETCATALOG_COMPILER_GLOBAL_ACCENT_COLOR_NAME = AccentColor;
				CODE_SIGN_ENTITLEMENTS = DryTrails/DryTrails.entitlements;
				CODE_SIGN_STYLE = Automatic;
				CURRENT_PROJECT_VERSION = 1.1;
				DEVELOPMENT_TEAM = H9MJ7YJ3M9;
				ENABLE_USER_SCRIPT_SANDBOXING = NO;
				GENERATE_INFOPLIST_FILE = YES;
				INFOPLIST_FILE = DryTrails/Info.plist;
				INFOPLIST_KEY_CFBundleDisplayName = DryTrails;
				INFOPLIST_KEY_LSApplicationCategoryType = "public.app-category.weather";
				INFOPLIST_KEY_NSLocationWhenInUseUsageDescription = "Your location is used to provide weather data at the current location including current soil moisture";
				INFOPLIST_KEY_UIApplicationSupportsIndirectInputEvents = YES;
				INFOPLIST_KEY_UILaunchStoryboardName = LaunchScreen;
				INFOPLIST_KEY_UIMainStoryboardFile = Main;
				INFOPLIST_KEY_UIRequiresFullScreen = YES;
				INFOPLIST_KEY_UISupportedInterfaceOrientations = UIInterfaceOrientationPortrait;
				IPHONEOS_DEPLOYMENT_TARGET = 16.4;
				LD_RUNPATH_SEARCH_PATHS = (
					"$(inherited)",
					"@executable_path/Frameworks",
				);
				MARKETING_VERSION = 1.1;
				NEW_SETTING2 = "";
				PRODUCT_BUNDLE_IDENTIFIER = com.mikewhaley.DryTrails;
				PRODUCT_NAME = "$(TARGET_NAME)";
				SUPPORTED_PLATFORMS = "iphoneos iphonesimulator";
				SUPPORTS_MACCATALYST = NO;
				SUPPORTS_MAC_DESIGNED_FOR_IPHONE_IPAD = NO;
				SWIFT_EMIT_LOC_STRINGS = YES;
				SWIFT_VERSION = 5.0;
				TARGETED_DEVICE_FAMILY = "1,2";
			};
			name = Release;
		};
/* End XCBuildConfiguration section */

/* Begin XCConfigurationList section */
		54936B7E2A2037D7009154DF /* Build configuration list for PBXProject "DryTrails" */ = {
			isa = XCConfigurationList;
			buildConfigurations = (
				54936B982A2037D7009154DF /* Debug */,
				54936B992A2037D7009154DF /* Release */,
			);
			defaultConfigurationIsVisible = 0;
			defaultConfigurationName = Release;
		};
		54936B9A2A2037D7009154DF /* Build configuration list for PBXNativeTarget "DryTrails" */ = {
			isa = XCConfigurationList;
			buildConfigurations = (
				54936B9B2A2037D7009154DF /* Debug */,
				54936B9C2A2037D7009154DF /* Release */,
			);
			defaultConfigurationIsVisible = 0;
			defaultConfigurationName = Release;
		};
/* End XCConfigurationList section */

/* Begin XCVersionGroup section */
		54936B8F2A2037D7009154DF /* DryTrails.xcdatamodeld */ = {
			isa = XCVersionGroup;
			children = (
				54936B902A2037D7009154DF /* DryTrails.xcdatamodel */,
			);
			currentVersion = 54936B902A2037D7009154DF /* DryTrails.xcdatamodel */;
			path = DryTrails.xcdatamodeld;
			sourceTree = "<group>";
			versionGroupType = wrapper.xcdatamodel;
		};
/* End XCVersionGroup section */
	};
	rootObject = 54936B7B2A2037D7009154DF /* Project object */;
}
